
Microsoft Visual Studio Solution File, Format Version 12.00
# Visual Studio Version 16
VisualStudioVersion = 16.0.31624.102
MinimumVisualStudioVersion = 10.0.40219.1
Project("{9A19103F-16F7-4668-BE54-9A1E7A4F7556}") = "JogoDaVelha.Core", "src\JogoDaVelha.Core\JogoDaVelha.Core.csproj", "{51DDF751-DE04-43E8-9845-73A4CF676D1B}"
EndProject
Project("{9A19103F-16F7-4668-BE54-9A1E7A4F7556}") = "Teste.JogoDaVelha.Core", "testes\Teste.JogoDaVelha.Core\Teste.JogoDaVelha.Core.csproj", "{80CCCD61-E057-4CF8-A2FD-4EB578739CDA}"
EndProject
Global
	GlobalSection(SolutionConfigurationPlatforms) = preSolution
		Debug|Any CPU = Debug|Any CPU
		Release|Any CPU = Release|Any CPU
	EndGlobalSection
	GlobalSection(ProjectConfigurationPlatforms) = postSolution
		{51DDF751-DE04-43E8-9845-73A4CF676D1B}.Debug|Any CPU.ActiveCfg = Debug|Any CPU
		{51DDF751-DE04-43E8-9845-73A4CF676D1B}.Debug|Any CPU.Build.0 = Debug|Any CPU
		{51DDF751-DE04-43E8-9845-73A4CF676D1B}.Release|Any CPU.ActiveCfg = Release|Any CPU
		{51DDF751-DE04-43E8-9845-73A4CF676D1B}.Release|Any CPU.Build.0 = Release|Any CPU
		{80CCCD61-E057-4CF8-A2FD-4EB578739CDA}.Debug|Any CPU.ActiveCfg = Debug|Any CPU
		{80CCCD61-E057-4CF8-A2FD-4EB578739CDA}.Debug|Any CPU.Build.0 = Debug|Any CPU
		{80CCCD61-E057-4CF8-A2FD-4EB578739CDA}.Release|Any CPU.ActiveCfg = Release|Any CPU
		{80CCCD61-E057-4CF8-A2FD-4EB578739CDA}.Release|Any CPU.Build.0 = Release|Any CPU
	EndGlobalSection
	GlobalSection(SolutionProperties) = preSolution
		HideSolutionNode = FALSE
	EndGlobalSection
	GlobalSection(ExtensibilityGlobals) = postSolution
		SolutionGuid = {A42E2F83-BE57-4196-B06C-BBC22D83C33F}
	EndGlobalSection
EndGlobal
